{
  "requires": true,
  "lockfileVersion": 1,
  "dependencies": {
    "json2ts": {
      "version": "0.0.7",
      "resolved": "https://registry.npmjs.org/json2ts/-/json2ts-0.0.7.tgz",
      "integrity": "sha1-qw7mRpFqh1Igk2M/H/CohHSq+eU=",
      "requires": {
        "underscore": "1.9.1"
      }
    },
    "underscore": {
      "version": "1.9.1",
      "resolved": "https://registry.npmjs.org/underscore/-/underscore-1.9.1.tgz",
      "integrity": "sha512-5/4etnCkd9c8gwgowi5/om/mYO5ajCaOgdzj/oW+0eQV9WxKBDZw5+ycmKmeaTXjInS/W0BzpGLo2xR2aBwZdg=="
    }
  }
}
